
Microsoft Visual Studio Solution File, Format Version 12.00
# Visual Studio Version 17
VisualStudioVersion = 17.4.33213.308
MinimumVisualStudioVersion = 10.0.40219.1
Project("{FAE04EC0-301F-11D3-BF4B-00C04F79EFBC}") = "WindowsFormsApp1", "WindowsFormsApp1\WindowsFormsApp1.csproj", "{033238D2-271C-4BF0-ABB8-3C6E557A971B}"
EndProject
Global
	GlobalSection(SolutionConfigurationPlatforms) = preSolution
		Debug|Any CPU = Debug|Any CPU
		Release|Any CPU = Release|Any CPU
	EndGlobalSection
	GlobalSection(ProjectConfigurationPlatforms) = postSolution
		{033238D2-271C-4BF0-ABB8-3C6E557A971B}.Debug|Any CPU.ActiveCfg = Debug|Any CPU
		{033238D2-271C-4BF0-ABB8-3C6E557A971B}.Debug|Any CPU.Build.0 = Debug|Any CPU
		{033238D2-271C-4BF0-ABB8-3C6E557A971B}.Release|Any CPU.ActiveCfg = Release|Any CPU
		{033238D2-271C-4BF0-ABB8-3C6E557A971B}.Release|Any CPU.Build.0 = Release|Any CPU
	EndGlobalSection
	GlobalSection(SolutionProperties) = preSolution
		HideSolutionNode = FALSE
	EndGlobalSection
	GlobalSection(ExtensibilityGlobals) = postSolution
		SolutionGuid = {9490E5D2-70E2-4219-AC50-9AEF8AC2C84B}
	EndGlobalSection
EndGlobal
